
Microsoft Visual Studio Solution File, Format Version 12.00
# Visual Studio 15
VisualStudioVersion = 15.0.27428.2037
MinimumVisualStudioVersion = 10.0.40219.1
Project("{8BC9CEB8-8B4A-11D0-8D11-00A0C91BC942}") = "qiskit-simulator", "qiskit-simulator\qiskit-simulator.vcxproj", "{0DB2DE1C-D4EC-4EA3-9000-B31EF72B7B63}"
EndProject
Global
	GlobalSection(SolutionConfigurationPlatforms) = preSolution
		Debug|x64 = Debug|x64
		Debug|x86 = Debug|x86
		Release|x64 = Release|x64
		Release|x86 = Release|x86
	EndGlobalSection
	GlobalSection(ProjectConfigurationPlatforms) = postSolution
		{0DB2DE1C-D4EC-4EA3-9000-B31EF72B7B63}.Debug|x64.ActiveCfg = Debug|x64
		{0DB2DE1C-D4EC-4EA3-9000-B31EF72B7B63}.Debug|x64.Build.0 = Debug|x64
		{0DB2DE1C-D4EC-4EA3-9000-B31EF72B7B63}.Debug|x86.ActiveCfg = Debug|Win32
		{0DB2DE1C-D4EC-4EA3-9000-B31EF72B7B63}.Debug|x86.Build.0 = Debug|Win32
		{0DB2DE1C-D4EC-4EA3-9000-B31EF72B7B63}.Release|x64.ActiveCfg = Release|x64
		{0DB2DE1C-D4EC-4EA3-9000-B31EF72B7B63}.Release|x64.Build.0 = Release|x64
		{0DB2DE1C-D4EC-4EA3-9000-B31EF72B7B63}.Release|x86.ActiveCfg = Release|Win32
		{0DB2DE1C-D4EC-4EA3-9000-B31EF72B7B63}.Release|x86.Build.0 = Release|Win32
	EndGlobalSection
	GlobalSection(SolutionProperties) = preSolution
		HideSolutionNode = FALSE
	EndGlobalSection
	GlobalSection(ExtensibilityGlobals) = postSolution
		SolutionGuid = {4BC78ABB-80EF-4C9B-96A5-C31F6AD48935}
	EndGlobalSection
EndGlobal
